
Microsoft Visual Studio Solution File, Format Version 11.00
# Visual Studio 2010
Project("{FAE04EC0-301F-11D3-BF4B-00C04F79EFBC}") = "Assembly-CSharp", "Assembly-CSharp.csproj", "{94174623-acb4-330f-56fe-a8ca614f057c}"
EndProject
Project("{FAE04EC0-301F-11D3-BF4B-00C04F79EFBC}") = "Assembly-CSharp-firstpass", "Assembly-CSharp-firstpass.csproj", "{7ca98e80-883b-799e-fdd0-b0379a51ac79}"
EndProject
Global
	GlobalSection(SolutionConfigurationPlatforms) = preSolution
		Debug|Any CPU = Debug|Any CPU
	EndGlobalSection
	GlobalSection(ProjectConfigurationPlatforms) = postSolution
		{94174623-acb4-330f-56fe-a8ca614f057c}.Debug|Any CPU.ActiveCfg = Debug|Any CPU
		{94174623-acb4-330f-56fe-a8ca614f057c}.Debug|Any CPU.Build.0 = Debug|Any CPU
		{7ca98e80-883b-799e-fdd0-b0379a51ac79}.Debug|Any CPU.ActiveCfg = Debug|Any CPU
		{7ca98e80-883b-799e-fdd0-b0379a51ac79}.Debug|Any CPU.Build.0 = Debug|Any CPU
	EndGlobalSection
	GlobalSection(SolutionProperties) = preSolution
		HideSolutionNode = FALSE
	EndGlobalSection
EndGlobal
